
Microsoft Visual Studio Solution File, Format Version 12.00
Project("{FAE04EC0-301F-11D3-BF4B-00C04F79EFBC}") = "AppieTest", "AppieTest\AppieTest.csproj", "{BD228CF6-AD66-451C-8748-B479A9F17B77}"
EndProject
Global
	GlobalSection(SolutionConfigurationPlatforms) = preSolution
		Debug|Any CPU = Debug|Any CPU
		Release|Any CPU = Release|Any CPU
	EndGlobalSection
	GlobalSection(ProjectConfigurationPlatforms) = postSolution
		{BD228CF6-AD66-451C-8748-B479A9F17B77}.Debug|Any CPU.ActiveCfg = Debug|Any CPU
		{BD228CF6-AD66-451C-8748-B479A9F17B77}.Debug|Any CPU.Build.0 = Debug|Any CPU
		{BD228CF6-AD66-451C-8748-B479A9F17B77}.Release|Any CPU.ActiveCfg = Release|Any CPU
		{BD228CF6-AD66-451C-8748-B479A9F17B77}.Release|Any CPU.Build.0 = Release|Any CPU
	EndGlobalSection
EndGlobal
